// !$*UTF8*$!
{
	archiveVersion = 1;
	classes = {
	};
	objectVersion = 56;
	objects = {

/* Begin PBXBuildFile section */
		344BE0C9291BBABB000DEB01 /* Todo_AppApp.swift in Sources */ = {isa = PBXBuildFile; fileRef = 344BE0C8291BBABB000DEB01 /* Todo_AppApp.swift */; };
		344BE0CB291BBABB000DEB01 /* ContentView.swift in Sources */ = {isa = PBXBuildFile; fileRef = 344BE0CA291BBABB000DEB01 /* ContentView.swift */; };
		344BE0CD291BBABE000DEB01 /* Assets.xcassets in Resources */ = {isa = PBXBuildFile; fileRef = 344BE0CC291BBABE000DEB01 /* Assets.xcassets */; };
		344BE0D0291BBABE000DEB01 /* Preview Assets.xcassets in Resources */ = {isa = PBXBuildFile; fileRef = 344BE0CF291BBABE000DEB01 /* Preview Assets.xcassets */; };
		344BE0DA291BBABE000DEB01 /* Todo_AppTests.swift in Sources */ = {isa = PBXBuildFile; fileRef = 344BE0D9291BBABE000DEB01 /* Todo_AppTests.swift */; };
		344BE0E4291BBABE000DEB01 /* Todo_AppUITests.swift in Sources */ = {isa = PBXBuildFile; fileRef = 344BE0E3291BBABE000DEB01 /* Todo_AppUITests.swift */; };
		344BE0E6291BBABE000DEB01 /* Todo_AppUITestsLaunchTests.swift in Sources */ = {isa = PBXBuildFile; fileRef = 344BE0E5291BBABE000DEB01 /* Todo_AppUITestsLaunchTests.swift */; };
		344BE13C291BEABA000DEB01 /* AddNewItemView.swift in Sources */ = {isa = PBXBuildFile; fileRef = 344BE13B291BEABA000DEB01 /* AddNewItemView.swift */; };
		344BE13F291BEB80000DEB01 /* TodoCore.xcdatamodeld in Sources */ = {isa = PBXBuildFile; fileRef = 344BE13D291BEB80000DEB01 /* TodoCore.xcdatamodeld */; };
		344BE141291BED5C000DEB01 /* PersistenceController.swift in Sources */ = {isa = PBXBuildFile; fileRef = 344BE140291BED5C000DEB01 /* PersistenceController.swift */; };
		34D1384F291C5D39009DABC8 /* EmptyListView.swift in Sources */ = {isa = PBXBuildFile; fileRef = 34D1384E291C5D39009DABC8 /* EmptyListView.swift */; };
		34D13851291C6689009DABC8 /* SettingsView.swift in Sources */ = {isa = PBXBuildFile; fileRef = 34D13850291C6689009DABC8 /* SettingsView.swift */; };
/* End PBXBuildFile section */

/* Begin PBXContainerItemProxy section */
		344BE0D6291BBABE000DEB01 /* PBXContainerItemProxy */ = {
			isa = PBXContainerItemProxy;
			containerPortal = 344BE0BD291BBABB000DEB01 /* Project object */;
			proxyType = 1;
			remoteGlobalIDString = 344BE0C4291BBABB000DEB01;
			remoteInfo = "Todo App";
		};
		344BE0E0291BBABE000DEB01 /* PBXContainerItemProxy */ = {
			isa = PBXContainerItemProxy;
			containerPortal = 344BE0BD291BBABB000DEB01 /* Project object */;
			proxyType = 1;
			remoteGlobalIDString = 344BE0C4291BBABB000DEB01;
			remoteInfo = "Todo App";
		};
/* End PBXContainerItemProxy section */

/* Begin PBXFileReference section */
		344BE0C5291BBABB000DEB01 /* Todo App.app */ = {isa = PBXFileReference; explicitFileType = wrapper.application; includeInIndex = 0; path = "Todo App.app"; sourceTree = BUILT_PRODUCTS_DIR; };
		344BE0C8291BBABB000DEB01 /* Todo_AppApp.swift */ = {isa = PBXFileReference; lastKnownFileType = sourcecode.swift; path = Todo_AppApp.swift; sourceTree = "<group>"; };
		344BE0CA291BBABB000DEB01 /* ContentView.swift */ = {isa = PBXFileReference; lastKnownFileType = sourcecode.swift; path = ContentView.swift; sourceTree = "<group>"; };
		344BE0CC291BBABE000DEB01 /* Assets.xcassets */ = {isa = PBXFileReference; lastKnownFileType = folder.assetcatalog; path = Assets.xcassets; sourceTree = "<group>"; };
		344BE0CF291BBABE000DEB01 /* Preview Assets.xcassets */ = {isa = PBXFileReference; lastKnownFileType = folder.assetcatalog; path = "Preview Assets.xcassets"; sourceTree = "<group>"; };
		344BE0D5291BBABE000DEB01 /* Todo AppTests.xctest */ = {isa = PBXFileReference; explicitFileType = wrapper.cfbundle; includeInIndex = 0; path = "Todo AppTests.xctest"; sourceTree = BUILT_PRODUCTS_DIR; };
		344BE0D9291BBABE000DEB01 /* Todo_AppTests.swift */ = {isa = PBXFileReference; lastKnownFileType = sourcecode.swift; path = Todo_AppTests.swift; sourceTree = "<group>"; };
		344BE0DF291BBABE000DEB01 /* Todo AppUITests.xctest */ = {isa = PBXFileReference; explicitFileType = wrapper.cfbundle; includeInIndex = 0; path = "Todo AppUITests.xctest"; sourceTree = BUILT_PRODUCTS_DIR; };
		344BE0E3291BBABE000DEB01 /* Todo_AppUITests.swift */ = {isa = PBXFileReference; lastKnownFileType = sourcecode.swift; path = Todo_AppUITests.swift; sourceTree = "<group>"; };
		344BE0E5291BBABE000DEB01 /* Todo_AppUITestsLaunchTests.swift */ = {isa = PBXFileReference; lastKnownFileType = sourcecode.swift; path = Todo_AppUITestsLaunchTests.swift; sourceTree = "<group>"; };
		344BE13B291BEABA000DEB01 /* AddNewItemView.swift */ = {isa = PBXFileReference; lastKnownFileType = sourcecode.swift; path = AddNewItemView.swift; sourceTree = "<group>"; };
		344BE13E291BEB80000DEB01 /* TodoCore.xcdatamodel */ = {isa = PBXFileReference; lastKnownFileType = wrapper.xcdatamodel; path = TodoCore.xcdatamodel; sourceTree = "<group>"; };
		344BE140291BED5C000DEB01 /* PersistenceController.swift */ = {isa = PBXFileReference; lastKnownFileType = sourcecode.swift; path = PersistenceController.swift; sourceTree = "<group>"; };
		34D1384E291C5D39009DABC8 /* EmptyListView.swift */ = {isa = PBXFileReference; lastKnownFileType = sourcecode.swift; path = EmptyListView.swift; sourceTree = "<group>"; };
		34D13850291C6689009DABC8 /* SettingsView.swift */ = {isa = PBXFileReference; lastKnownFileType = sourcecode.swift; path = SettingsView.swift; sourceTree = "<group>"; };
/* End PBXFileReference section */

/* Begin PBXFrameworksBuildPhase section */
		344BE0C2291BBABB000DEB01 /* Frameworks */ = {
			isa = PBXFrameworksBuildPhase;
			buildActionMask = 2147483647;
			files = (
			);
			runOnlyForDeploymentPostprocessing = 0;
		};
		344BE0D2291BBABE000DEB01 /* Frameworks */ = {
			isa = PBXFrameworksBuildPhase;
			buildActionMask = 2147483647;
			files = (
			);
			runOnlyForDeploymentPostprocessing = 0;
		};
		344BE0DC291BBABE000DEB01 /* Frameworks */ = {
			isa = PBXFrameworksBuildPhase;
			buildActionMask = 2147483647;
			files = (
			);
			runOnlyForDeploymentPostprocessing = 0;
		};
/* End PBXFrameworksBuildPhase section */

/* Begin PBXGroup section */
		344BE0BC291BBABB000DEB01 = {
			isa = PBXGroup;
			children = (
				344BE0C7291BBABB000DEB01 /* Todo App */,
				344BE0D8291BBABE000DEB01 /* Todo AppTests */,
				344BE0E2291BBABE000DEB01 /* Todo AppUITests */,
				344BE0C6291BBABB000DEB01 /* Products */,
			);
			sourceTree = "<group>";
		};
		344BE0C6291BBABB000DEB01 /* Products */ = {
			isa = PBXGroup;
			children = (
				344BE0C5291BBABB000DEB01 /* Todo App.app */,
				344BE0D5291BBABE000DEB01 /* Todo AppTests.xctest */,
				344BE0DF291BBABE000DEB01 /* Todo AppUITests.xctest */,
			);
			name = Products;
			sourceTree = "<group>";
		};
		344BE0C7291BBABB000DEB01 /* Todo App */ = {
			isa = PBXGroup;
			children = (
				344BE0F6291BBD1D000DEB01 /* Screen */,
				344BE0F5291BBD10000DEB01 /* Extension */,
				344BE0F4291BBD00000DEB01 /* View */,
				344BE0F3291BBCF8000DEB01 /* Model */,
				344BE0F2291BBCF0000DEB01 /* Data */,
				344BE0C8291BBABB000DEB01 /* Todo_AppApp.swift */,
				344BE0CC291BBABE000DEB01 /* Assets.xcassets */,
				344BE0CE291BBABE000DEB01 /* Preview Content */,
			);
			path = "Todo App";
			sourceTree = "<group>";
		};
		344BE0CE291BBABE000DEB01 /* Preview Content */ = {
			isa = PBXGroup;
			children = (
				344BE0CF291BBABE000DEB01 /* Preview Assets.xcassets */,
			);
			path = "Preview Content";
			sourceTree = "<group>";
		};
		344BE0D8291BBABE000DEB01 /* Todo AppTests */ = {
			isa = PBXGroup;
			children = (
				344BE0D9291BBABE000DEB01 /* Todo_AppTests.swift */,
			);
			path = "Todo AppTests";
			sourceTree = "<group>";
		};
		344BE0E2291BBABE000DEB01 /* Todo AppUITests */ = {
			isa = PBXGroup;
			children = (
				344BE0E3291BBABE000DEB01 /* Todo_AppUITests.swift */,
				344BE0E5291BBABE000DEB01 /* Todo_AppUITestsLaunchTests.swift */,
			);
			path = "Todo AppUITests";
			sourceTree = "<group>";
		};
		344BE0F2291BBCF0000DEB01 /* Data */ = {
			isa = PBXGroup;
			children = (
			);
			path = Data;
			sourceTree = "<group>";
		};
		344BE0F3291BBCF8000DEB01 /* Model */ = {
			isa = PBXGroup;
			children = (
				344BE13D291BEB80000DEB01 /* TodoCore.xcdatamodeld */,
				344BE140291BED5C000DEB01 /* PersistenceController.swift */,
			);
			path = Model;
			sourceTree = "<group>";
		};
		344BE0F4291BBD00000DEB01 /* View */ = {
			isa = PBXGroup;
			children = (
				344BE0CA291BBABB000DEB01 /* ContentView.swift */,
				344BE13B291BEABA000DEB01 /* AddNewItemView.swift */,
				34D1384E291C5D39009DABC8 /* EmptyListView.swift */,
				34D13850291C6689009DABC8 /* SettingsView.swift */,
			);
			path = View;
			sourceTree = "<group>";
		};
		344BE0F5291BBD10000DEB01 /* Extension */ = {
			isa = PBXGroup;
			children = (
			);
			path = Extension;
			sourceTree = "<group>";
		};
		344BE0F6291BBD1D000DEB01 /* Screen */ = {
			isa = PBXGroup;
			children = (
			);
			path = Screen;
			sourceTree = "<group>";
		};
/* End PBXGroup section */

/* Begin PBXNativeTarget section */
		344BE0C4291BBABB000DEB01 /* Todo App */ = {
			isa = PBXNativeTarget;
			buildConfigurationList = 344BE0E9291BBABE000DEB01 /* Build configuration list for PBXNativeTarget "Todo App" */;
			buildPhases = (
				344BE0C1291BBABB000DEB01 /* Sources */,
				344BE0C2291BBABB000DEB01 /* Frameworks */,
				344BE0C3291BBABB000DEB01 /* Resources */,
			);
			buildRules = (
			);
			dependencies = (
			);
			name = "Todo App";
			productName = "Todo App";
			productReference = 344BE0C5291BBABB000DEB01 /* Todo App.app */;
			productType = "com.apple.product-type.application";
		};
		344BE0D4291BBABE000DEB01 /* Todo AppTests */ = {
			isa = PBXNativeTarget;
			buildConfigurationList = 344BE0EC291BBABE000DEB01 /* Build configuration list for PBXNativeTarget "Todo AppTests" */;
			buildPhases = (
				344BE0D1291BBABE000DEB01 /* Sources */,
				344BE0D2291BBABE000DEB01 /* Frameworks */,
				344BE0D3291BBABE000DEB01 /* Resources */,
			);
			buildRules = (
			);
			dependencies = (
				344BE0D7291BBABE000DEB01 /* PBXTargetDependency */,
			);
			name = "Todo AppTests";
			productName = "Todo AppTests";
			productReference = 344BE0D5291BBABE000DEB01 /* Todo AppTests.xctest */;
			productType = "com.apple.product-type.bundle.unit-test";
		};
		344BE0DE291BBABE000DEB01 /* Todo AppUITests */ = {
			isa = PBXNativeTarget;
			buildConfigurationList = 344BE0EF291BBABE000DEB01 /* Build configuration list for PBXNativeTarget "Todo AppUITests" */;
			buildPhases = (
				344BE0DB291BBABE000DEB01 /* Sources */,
				344BE0DC291BBABE000DEB01 /* Frameworks */,
				344BE0DD291BBABE000DEB01 /* Resources */,
			);
			buildRules = (
			);
			dependencies = (
				344BE0E1291BBABE000DEB01 /* PBXTargetDependency */,
			);
			name = "Todo AppUITests";
			productName = "Todo AppUITests";
			productReference = 344BE0DF291BBABE000DEB01 /* Todo AppUITests.xctest */;
			productType = "com.apple.product-type.bundle.ui-testing";
		};
/* End PBXNativeTarget section */

/* Begin PBXProject section */
		344BE0BD291BBABB000DEB01 /* Project object */ = {
			isa = PBXProject;
			attributes = {
				BuildIndependentTargetsInParallel = 1;
				LastSwiftUpdateCheck = 1410;
				LastUpgradeCheck = 1410;
				TargetAttributes = {
					344BE0C4291BBABB000DEB01 = {
						CreatedOnToolsVersion = 14.1;
					};
					344BE0D4291BBABE000DEB01 = {
						CreatedOnToolsVersion = 14.1;
						TestTargetID = 344BE0C4291BBABB000DEB01;
					};
					344BE0DE291BBABE000DEB01 = {
						CreatedOnToolsVersion = 14.1;
						TestTargetID = 344BE0C4291BBABB000DEB01;
					};
				};
			};
			buildConfigurationList = 344BE0C0291BBABB000DEB01 /* Build configuration list for PBXProject "Todo App" */;
			compatibilityVersion = "Xcode 14.0";
			developmentRegion = en;
			hasScannedForEncodings = 0;
			knownRegions = (
				en,
				Base,
			);
			mainGroup = 344BE0BC291BBABB000DEB01;
			productRefGroup = 344BE0C6291BBABB000DEB01 /* Products */;
			projectDirPath = "";
			projectRoot = "";
			targets = (
				344BE0C4291BBABB000DEB01 /* Todo App */,
				344BE0D4291BBABE000DEB01 /* Todo AppTests */,
				344BE0DE291BBABE000DEB01 /* Todo AppUITests */,
			);
		};
/* End PBXProject section */

/* Begin PBXResourcesBuildPhase section */
		344BE0C3291BBABB000DEB01 /* Resources */ = {
			isa = PBXResourcesBuildPhase;
			buildActionMask = 2147483647;
			files = (
				344BE0D0291BBABE000DEB01 /* Preview Assets.xcassets in Resources */,
				344BE0CD291BBABE000DEB01 /* Assets.xcassets in Resources */,
			);
			runOnlyForDeploymentPostprocessing = 0;
		};
		344BE0D3291BBABE000DEB01 /* Resources */ = {
			isa = PBXResourcesBuildPhase;
			buildActionMask = 2147483647;
			files = (
			);
			runOnlyForDeploymentPostprocessing = 0;
		};
		344BE0DD291BBABE000DEB01 /* Resources */ = {
			isa = PBXResourcesBuildPhase;
			buildActionMask = 2147483647;
			files = (
			);
			runOnlyForDeploymentPostprocessing = 0;
		};
/* End PBXResourcesBuildPhase section */

/* Begin PBXSourcesBuildPhase section */
		344BE0C1291BBABB000DEB01 /* Sources */ = {
			isa = PBXSourcesBuildPhase;
			buildActionMask = 2147483647;
			files = (
				34D13851291C6689009DABC8 /* SettingsView.swift in Sources */,
				344BE13F291BEB80000DEB01 /* TodoCore.xcdatamodeld in Sources */,
				344BE13C291BEABA000DEB01 /* AddNewItemView.swift in Sources */,
				34D1384F291C5D39009DABC8 /* EmptyListView.swift in Sources */,
				344BE0CB291BBABB000DEB01 /* ContentView.swift in Sources */,
				344BE0C9291BBABB000DEB01 /* Todo_AppApp.swift in Sources */,
				344BE141291BED5C000DEB01 /* PersistenceController.swift in Sources */,
			);
			runOnlyForDeploymentPostprocessing = 0;
		};
		344BE0D1291BBABE000DEB01 /* Sources */ = {
			isa = PBXSourcesBuildPhase;
			buildActionMask = 2147483647;
			files = (
				344BE0DA291BBABE000DEB01 /* Todo_AppTests.swift in Sources */,
			);
			runOnlyForDeploymentPostprocessing = 0;
		};
		344BE0DB291BBABE000DEB01 /* Sources */ = {
			isa = PBXSourcesBuildPhase;
			buildActionMask = 2147483647;
			files = (
				344BE0E6291BBABE000DEB01 /* Todo_AppUITestsLaunchTests.swift in Sources */,
				344BE0E4291BBABE000DEB01 /* Todo_AppUITests.swift in Sources */,
			);
			runOnlyForDeploymentPostprocessing = 0;
		};
/* End PBXSourcesBuildPhase section */

/* Begin PBXTargetDependency section */
		344BE0D7291BBABE000DEB01 /* PBXTargetDependency */ = {
			isa = PBXTargetDependency;
			target = 344BE0C4291BBABB000DEB01 /* Todo App */;
			targetProxy = 344BE0D6291BBABE000DEB01 /* PBXContainerItemProxy */;
		};
		344BE0E1291BBABE000DEB01 /* PBXTargetDependency */ = {
			isa = PBXTargetDependency;
			target = 344BE0C4291BBABB000DEB01 /* Todo App */;
			targetProxy = 344BE0E0291BBABE000DEB01 /* PBXContainerItemProxy */;
		};
/* End PBXTargetDependency section */

/* Begin XCBuildConfiguration section */
		344BE0E7291BBABE000DEB01 /* Debug */ = {
			isa = XCBuildConfiguration;
			buildSettings = {
				ALWAYS_SEARCH_USER_PATHS = NO;
				CLANG_ANALYZER_NONNULL = YES;
				CLANG_ANALYZER_NUMBER_OBJECT_CONVERSION = YES_AGGRESSIVE;
				CLANG_CXX_LANGUAGE_STANDARD = "gnu++20";
				CLANG_ENABLE_MODULES = YES;
				CLANG_ENABLE_OBJC_ARC = YES;
				CLANG_ENABLE_OBJC_WEAK = YES;
				CLANG_WARN_BLOCK_CAPTURE_AUTORELEASING = YES;
				CLANG_WARN_BOOL_CONVERSION = YES;
				CLANG_WARN_COMMA = YES;
				CLANG_WARN_CONSTANT_CONVERSION = YES;
				CLANG_WARN_DEPRECATED_OBJC_IMPLEMENTATIONS = YES;
				CLANG_WARN_DIRECT_OBJC_ISA_USAGE = YES_ERROR;
				CLANG_WARN_DOCUMENTATION_COMMENTS = YES;
				CLANG_WARN_EMPTY_BODY = YES;
				CLANG_WARN_ENUM_CONVERSION = YES;
				CLANG_WARN_INFINITE_RECURSION = YES;
				CLANG_WARN_INT_CONVERSION = YES;
				CLANG_WARN_NON_LITERAL_NULL_CONVERSION = YES;
				CLANG_WARN_OBJC_IMPLICIT_RETAIN_SELF = YES;
				CLANG_WARN_OBJC_LITERAL_CONVERSION = YES;
				CLANG_WARN_OBJC_ROOT_CLASS = YES_ERROR;
				CLANG_WARN_QUOTED_INCLUDE_IN_FRAMEWORK_HEADER = YES;
				CLANG_WARN_RANGE_LOOP_ANALYSIS = YES;
				CLANG_WARN_STRICT_PROTOTYPES = YES;
				CLANG_WARN_SUSPICIOUS_MOVE = YES;
				CLANG_WARN_UNGUARDED_AVAILABILITY = YES_AGGRESSIVE;
				CLANG_WARN_UNREACHABLE_CODE = YES;
				CLANG_WARN__DUPLICATE_METHOD_MATCH = YES;
				COPY_PHASE_STRIP = NO;
				DEBUG_INFORMATION_FORMAT = dwarf;
				ENABLE_STRICT_OBJC_MSGSEND = YES;
				ENABLE_TESTABILITY = YES;
				GCC_C_LANGUAGE_STANDARD = gnu11;
				GCC_DYNAMIC_NO_PIC = NO;
				GCC_NO_COMMON_BLOCKS = YES;
				GCC_OPTIMIZATION_LEVEL = 0;
				GCC_PREPROCESSOR_DEFINITIONS = (
					"DEBUG=1",
					"$(inherited)",
				);
				GCC_WARN_64_TO_32_BIT_CONVERSION = YES;
				GCC_WARN_ABOUT_RETURN_TYPE = YES_ERROR;
				GCC_WARN_UNDECLARED_SELECTOR = YES;
				GCC_WARN_UNINITIALIZED_AUTOS = YES_AGGRESSIVE;
				GCC_WARN_UNUSED_FUNCTION = YES;
				GCC_WARN_UNUSED_VARIABLE = YES;
				IPHONEOS_DEPLOYMENT_TARGET = 16.1;
				MTL_ENABLE_DEBUG_INFO = INCLUDE_SOURCE;
				MTL_FAST_MATH = YES;
				ONLY_ACTIVE_ARCH = YES;
				SDKROOT = iphoneos;
				SWIFT_ACTIVE_COMPILATION_CONDITIONS = DEBUG;
				SWIFT_OPTIMIZATION_LEVEL = "-Onone";
			};
			name = Debug;
		};
		344BE0E8291BBABE000DEB01 /* Release */ = {
			isa = XCBuildConfiguration;
			buildSettings = {
				ALWAYS_SEARCH_USER_PATHS = NO;
				CLANG_ANALYZER_NONNULL = YES;
				CLANG_ANALYZER_NUMBER_OBJECT_CONVERSION = YES_AGGRESSIVE;
				CLANG_CXX_LANGUAGE_STANDARD = "gnu++20";
				CLANG_ENABLE_MODULES = YES;
				CLANG_ENABLE_OBJC_ARC = YES;
				CLANG_ENABLE_OBJC_WEAK = YES;
				CLANG_WARN_BLOCK_CAPTURE_AUTORELEASING = YES;
				CLANG_WARN_BOOL_CONVERSION = YES;
				CLANG_WARN_COMMA = YES;
				CLANG_WARN_CONSTANT_CONVERSION = YES;
				CLANG_WARN_DEPRECATED_OBJC_IMPLEMENTATIONS = YES;
				CLANG_WARN_DIRECT_OBJC_ISA_USAGE = YES_ERROR;
				CLANG_WARN_DOCUMENTATION_COMMENTS = YES;
				CLANG_WARN_EMPTY_BODY = YES;
				CLANG_WARN_ENUM_CONVERSION = YES;
				CLANG_WARN_INFINITE_RECURSION = YES;
				CLANG_WARN_INT_CONVERSION = YES;
				CLANG_WARN_NON_LITERAL_NULL_CONVERSION = YES;
				CLANG_WARN_OBJC_IMPLICIT_RETAIN_SELF = YES;
				CLANG_WARN_OBJC_LITERAL_CONVERSION = YES;
				CLANG_WARN_OBJC_ROOT_CLASS = YES_ERROR;
				CLANG_WARN_QUOTED_INCLUDE_IN_FRAMEWORK_HEADER = YES;
				CLANG_WARN_RANGE_LOOP_ANALYSIS = YES;
				CLANG_WARN_STRICT_PROTOTYPES = YES;
				CLANG_WARN_SUSPICIOUS_MOVE = YES;
				CLANG_WARN_UNGUARDED_AVAILABILITY = YES_AGGRESSIVE;
				CLANG_WARN_UNREACHABLE_CODE = YES;
				CLANG_WARN__DUPLICATE_METHOD_MATCH = YES;
				COPY_PHASE_STRIP = NO;
				DEBUG_INFORMATION_FORMAT = "dwarf-with-dsym";
				ENABLE_NS_ASSERTIONS = NO;
				ENABLE_STRICT_OBJC_MSGSEND = YES;
				GCC_C_LANGUAGE_STANDARD = gnu11;
				GCC_NO_COMMON_BLOCKS = YES;
				GCC_WARN_64_TO_32_BIT_CONVERSION = YES;
				GCC_WARN_ABOUT_RETURN_TYPE = YES_ERROR;
				GCC_WARN_UNDECLARED_SELECTOR = YES;
				GCC_WARN_UNINITIALIZED_AUTOS = YES_AGGRESSIVE;
				GCC_WARN_UNUSED_FUNCTION = YES;
				GCC_WARN_UNUSED_VARIABLE = YES;
				IPHONEOS_DEPLOYMENT_TARGET = 16.1;
				MTL_ENABLE_DEBUG_INFO = NO;
				MTL_FAST_MATH = YES;
				SDKROOT = iphoneos;
				SWIFT_COMPILATION_MODE = wholemodule;
				SWIFT_OPTIMIZATION_LEVEL = "-O";
				VALIDATE_PRODUCT = YES;
			};
			name = Release;
		};
		344BE0EA291BBABE000DEB01 /* Debug */ = {
			isa = XCBuildConfiguration;
			buildSettings = {
				ASSETCATALOG_COMPILER_APPICON_NAME = AppIcon;
				ASSETCATALOG_COMPILER_GLOBAL_ACCENT_COLOR_NAME = AccentColor;
				CODE_SIGN_STYLE = Automatic;
				CURRENT_PROJECT_VERSION = 1;
				DEVELOPMENT_ASSET_PATHS = "\"Todo App/Preview Content\"";
				DEVELOPMENT_TEAM = S8K74X9727;
				ENABLE_PREVIEWS = YES;
				GENERATE_INFOPLIST_FILE = YES;
				INFOPLIST_KEY_UIApplicationSceneManifest_Generation = YES;
				INFOPLIST_KEY_UIApplicationSupportsIndirectInputEvents = YES;
				INFOPLIST_KEY_UILaunchScreen_Generation = YES;
				INFOPLIST_KEY_UISupportedInterfaceOrientations_iPad = "UIInterfaceOrientationPortrait UIInterfaceOrientationPortraitUpsideDown UIInterfaceOrientationLandscapeLeft UIInterfaceOrientationLandscapeRight";
				INFOPLIST_KEY_UISupportedInterfaceOrientations_iPhone = "UIInterfaceOrientationPortrait UIInterfaceOrientationLandscapeLeft UIInterfaceOrientationLandscapeRight";
				LD_RUNPATH_SEARCH_PATHS = (
					"$(inherited)",
					"@executable_path/Frameworks",
				);
				MARKETING_VERSION = 1.0;
				PRODUCT_BUNDLE_IDENTIFIER = "com.brodev.Todo-App";
				PRODUCT_NAME = "$(TARGET_NAME)";
				SWIFT_EMIT_LOC_STRINGS = YES;
				SWIFT_VERSION = 5.0;
				TARGETED_DEVICE_FAMILY = "1,2";
			};
			name = Debug;
		};
		344BE0EB291BBABE000DEB01 /* Release */ = {
			isa = XCBuildConfiguration;
			buildSettings = {
				ASSETCATALOG_COMPILER_APPICON_NAME = AppIcon;
				ASSETCATALOG_COMPILER_GLOBAL_ACCENT_COLOR_NAME = AccentColor;
				CODE_SIGN_STYLE = Automatic;
				CURRENT_PROJECT_VERSION = 1;
				DEVELOPMENT_ASSET_PATHS = "\"Todo App/Preview Content\"";
				DEVELOPMENT_TEAM = S8K74X9727;
				ENABLE_PREVIEWS = YES;
				GENERATE_INFOPLIST_FILE = YES;
				INFOPLIST_KEY_UIApplicationSceneManifest_Generation = YES;
				INFOPLIST_KEY_UIApplicationSupportsIndirectInputEvents = YES;
				INFOPLIST_KEY_UILaunchScreen_Generation = YES;
				INFOPLIST_KEY_UISupportedInterfaceOrientations_iPad = "UIInterfaceOrientationPortrait UIInterfaceOrientationPortraitUpsideDown UIInterfaceOrientationLandscapeLeft UIInterfaceOrientationLandscapeRight";
				INFOPLIST_KEY_UISupportedInterfaceOrientations_iPhone = "UIInterfaceOrientationPortrait UIInterfaceOrientationLandscapeLeft UIInterfaceOrientationLandscapeRight";
				LD_RUNPATH_SEARCH_PATHS = (
					"$(inherited)",
					"@executable_path/Frameworks",
				);
				MARKETING_VERSION = 1.0;
				PRODUCT_BUNDLE_IDENTIFIER = "com.brodev.Todo-App";
				PRODUCT_NAME = "$(TARGET_NAME)";
				SWIFT_EMIT_LOC_STRINGS = YES;
				SWIFT_VERSION = 5.0;
				TARGETED_DEVICE_FAMILY = "1,2";
			};
			name = Release;
		};
		344BE0ED291BBABE000DEB01 /* Debug */ = {
			isa = XCBuildConfiguration;
			buildSettings = {
				ALWAYS_EMBED_SWIFT_STANDARD_LIBRARIES = YES;
				BUNDLE_LOADER = "$(TEST_HOST)";
				CODE_SIGN_STYLE = Automatic;
				CURRENT_PROJECT_VERSION = 1;
				DEVELOPMENT_TEAM = S8K74X9727;
				GENERATE_INFOPLIST_FILE = YES;
				IPHONEOS_DEPLOYMENT_TARGET = 16.1;
				MARKETING_VERSION = 1.0;
				PRODUCT_BUNDLE_IDENTIFIER = "com.brodev.Todo-AppTests";
				PRODUCT_NAME = "$(TARGET_NAME)";
				SWIFT_EMIT_LOC_STRINGS = NO;
				SWIFT_VERSION = 5.0;
				TARGETED_DEVICE_FAMILY = "1,2";
				TEST_HOST = "$(BUILT_PRODUCTS_DIR)/Todo App.app/$(BUNDLE_EXECUTABLE_FOLDER_PATH)/Todo App";
			};
			name = Debug;
		};
		344BE0EE291BBABE000DEB01 /* Release */ = {
			isa = XCBuildConfiguration;
			buildSettings = {
				ALWAYS_EMBED_SWIFT_STANDARD_LIBRARIES = YES;
				BUNDLE_LOADER = "$(TEST_HOST)";
				CODE_SIGN_STYLE = Automatic;
				CURRENT_PROJECT_VERSION = 1;
				DEVELOPMENT_TEAM = S8K74X9727;
				GENERATE_INFOPLIST_FILE = YES;
				IPHONEOS_DEPLOYMENT_TARGET = 16.1;
				MARKETING_VERSION = 1.0;
				PRODUCT_BUNDLE_IDENTIFIER = "com.brodev.Todo-AppTests";
				PRODUCT_NAME = "$(TARGET_NAME)";
				SWIFT_EMIT_LOC_STRINGS = NO;
				SWIFT_VERSION = 5.0;
				TARGETED_DEVICE_FAMILY = "1,2";
				TEST_HOST = "$(BUILT_PRODUCTS_DIR)/Todo App.app/$(BUNDLE_EXECUTABLE_FOLDER_PATH)/Todo App";
			};
			name = Release;
		};
		344BE0F0291BBABE000DEB01 /* Debug */ = {
			isa = XCBuildConfiguration;
			buildSettings = {
				ALWAYS_EMBED_SWIFT_STANDARD_LIBRARIES = YES;
				CODE_SIGN_STYLE = Automatic;
				CURRENT_PROJECT_VERSION = 1;
				DEVELOPMENT_TEAM = S8K74X9727;
				GENERATE_INFOPLIST_FILE = YES;
				MARKETING_VERSION = 1.0;
				PRODUCT_BUNDLE_IDENTIFIER = "com.brodev.Todo-AppUITests";
				PRODUCT_NAME = "$(TARGET_NAME)";
				SWIFT_EMIT_LOC_STRINGS = NO;
				SWIFT_VERSION = 5.0;
				TARGETED_DEVICE_FAMILY = "1,2";
				TEST_TARGET_NAME = "Todo App";
			};
			name = Debug;
		};
		344BE0F1291BBABE000DEB01 /* Release */ = {
			isa = XCBuildConfiguration;
			buildSettings = {
				ALWAYS_EMBED_SWIFT_STANDARD_LIBRARIES = YES;
				CODE_SIGN_STYLE = Automatic;
				CURRENT_PROJECT_VERSION = 1;
				DEVELOPMENT_TEAM = S8K74X9727;
				GENERATE_INFOPLIST_FILE = YES;
				MARKETING_VERSION = 1.0;
				PRODUCT_BUNDLE_IDENTIFIER = "com.brodev.Todo-AppUITests";
				PRODUCT_NAME = "$(TARGET_NAME)";
				SWIFT_EMIT_LOC_STRINGS = NO;
				SWIFT_VERSION = 5.0;
				TARGETED_DEVICE_FAMILY = "1,2";
				TEST_TARGET_NAME = "Todo App";
			};
			name = Release;
		};
/* End XCBuildConfiguration section */

/* Begin XCConfigurationList section */
		344BE0C0291BBABB000DEB01 /* Build configuration list for PBXProject "Todo App" */ = {
			isa = XCConfigurationList;
			buildConfigurations = (
				344BE0E7291BBABE000DEB01 /* Debug */,
				344BE0E8291BBABE000DEB01 /* Release */,
			);
			defaultConfigurationIsVisible = 0;
			defaultConfigurationName = Release;
		};
		344BE0E9291BBABE000DEB01 /* Build configuration list for PBXNativeTarget "Todo App" */ = {
			isa = XCConfigurationList;
			buildConfigurations = (
				344BE0EA291BBABE000DEB01 /* Debug */,
				344BE0EB291BBABE000DEB01 /* Release */,
			);
			defaultConfigurationIsVisible = 0;
			defaultConfigurationName = Release;
		};
		344BE0EC291BBABE000DEB01 /* Build configuration list for PBXNativeTarget "Todo AppTests" */ = {
			isa = XCConfigurationList;
			buildConfigurations = (
				344BE0ED291BBABE000DEB01 /* Debug */,
				344BE0EE291BBABE000DEB01 /* Release */,
			);
			defaultConfigurationIsVisible = 0;
			defaultConfigurationName = Release;
		};
		344BE0EF291BBABE000DEB01 /* Build configuration list for PBXNativeTarget "Todo AppUITests" */ = {
			isa = XCConfigurationList;
			buildConfigurations = (
				344BE0F0291BBABE000DEB01 /* Debug */,
				344BE0F1291BBABE000DEB01 /* Release */,
			);
			defaultConfigurationIsVisible = 0;
			defaultConfigurationName = Release;
		};
/* End XCConfigurationList section */

/* Begin XCVersionGroup section */
		344BE13D291BEB80000DEB01 /* TodoCore.xcdatamodeld */ = {
			isa = XCVersionGroup;
			children = (
				344BE13E291BEB80000DEB01 /* TodoCore.xcdatamodel */,
			);
			currentVersion = 344BE13E291BEB80000DEB01 /* TodoCore.xcdatamodel */;
			path = TodoCore.xcdatamodeld;
			sourceTree = "<group>";
			versionGroupType = wrapper.xcdatamodel;
		};
/* End XCVersionGroup section */
	};
	rootObject = 344BE0BD291BBABB000DEB01 /* Project object */;
}
